// !$*UTF8*$!
{
	archiveVersion = 1;
	classes = {
	};
	objectVersion = 48;
	objects = {

/* Begin PBXBuildFile section */
		74D43A5E1EB23B0700B7DBDA /* main.m in Sources */ = {isa = PBXBuildFile; fileRef = 74D43A5D1EB23B0700B7DBDA /* main.m */; };
		74D43A611EB23B0700B7DBDA /* AppDelegate.m in Sources */ = {isa = PBXBuildFile; fileRef = 74D43A601EB23B0700B7DBDA /* AppDelegate.m */; };
		74D43A641EB23B0700B7DBDA /* ViewController.m in Sources */ = {isa = PBXBuildFile; fileRef = 74D43A631EB23B0700B7DBDA /* ViewController.m */; };
		74D43A671EB23B0700B7DBDA /* Main.storyboard in Resources */ = {isa = PBXBuildFile; fileRef = 74D43A651EB23B0700B7DBDA /* Main.storyboard */; };
		74D43A691EB23B0700B7DBDA /* Assets.xcassets in Resources */ = {isa = PBXBuildFile; fileRef = 74D43A681EB23B0700B7DBDA /* Assets.xcassets */; };
		74D43A6C1EB23B0700B7DBDA /* LaunchScreen.storyboard in Resources */ = {isa = PBXBuildFile; fileRef = 74D43A6A1EB23B0700B7DBDA /* LaunchScreen.storyboard */; };
		74D43A771EB23B0700B7DBDA /* SLTTreadraceTestTests.m in Sources */ = {isa = PBXBuildFile; fileRef = 74D43A761EB23B0700B7DBDA /* SLTTreadraceTestTests.m */; };
		74D43A831EB23C5700B7DBDA /* SLTModel.m in Sources */ = {isa = PBXBuildFile; fileRef = 74D43A821EB23C5700B7DBDA /* SLTModel.m */; };
/* End PBXBuildFile section */

/* Begin PBXContainerItemProxy section */
		74D43A731EB23B0700B7DBDA /* PBXContainerItemProxy */ = {
			isa = PBXContainerItemProxy;
			containerPortal = 74D43A511EB23B0700B7DBDA /* Project object */;
			proxyType = 1;
			remoteGlobalIDString = 74D43A581EB23B0700B7DBDA;
			remoteInfo = SLTTreadraceTest;
		};
/* End PBXContainerItemProxy section */

/* Begin PBXFileReference section */
		74D43A591EB23B0700B7DBDA /* SLTTreadraceTest.app */ = {isa = PBXFileReference; explicitFileType = wrapper.application; includeInIndex = 0; path = SLTTreadraceTest.app; sourceTree = BUILT_PRODUCTS_DIR; };
		74D43A5D1EB23B0700B7DBDA /* main.m */ = {isa = PBXFileReference; lastKnownFileType = sourcecode.c.objc; path = main.m; sourceTree = "<group>"; };
		74D43A5F1EB23B0700B7DBDA /* AppDelegate.h */ = {isa = PBXFileReference; lastKnownFileType = sourcecode.c.h; path = AppDelegate.h; sourceTree = "<group>"; };
		74D43A601EB23B0700B7DBDA /* AppDelegate.m */ = {isa = PBXFileReference; lastKnownFileType = sourcecode.c.objc; path = AppDelegate.m; sourceTree = "<group>"; };
		74D43A621EB23B0700B7DBDA /* ViewController.h */ = {isa = PBXFileReference; lastKnownFileType = sourcecode.c.h; path = ViewController.h; sourceTree = "<group>"; };
		74D43A631EB23B0700B7DBDA /* ViewController.m */ = {isa = PBXFileReference; lastKnownFileType = sourcecode.c.objc; path = ViewController.m; sourceTree = "<group>"; };
		74D43A661EB23B0700B7DBDA /* Base */ = {isa = PBXFileReference; lastKnownFileType = file.storyboard; name = Base; path = Base.lproj/Main.storyboard; sourceTree = "<group>"; };
		74D43A681EB23B0700B7DBDA /* Assets.xcassets */ = {isa = PBXFileReference; lastKnownFileType = folder.assetcatalog; path = Assets.xcassets; sourceTree = "<group>"; };
		74D43A6B1EB23B0700B7DBDA /* Base */ = {isa = PBXFileReference; lastKnownFileType = file.storyboard; name = Base; path = Base.lproj/LaunchScreen.storyboard; sourceTree = "<group>"; };
		74D43A6D1EB23B0700B7DBDA /* Info.plist */ = {isa = PBXFileReference; lastKnownFileType = text.plist.xml; path = Info.plist; sourceTree = "<group>"; };
		74D43A721EB23B0700B7DBDA /* SLTTreadraceTestTests.xctest */ = {isa = PBXFileReference; explicitFileType = wrapper.cfbundle; includeInIndex = 0; path = SLTTreadraceTestTests.xctest; sourceTree = BUILT_PRODUCTS_DIR; };
		74D43A761EB23B0700B7DBDA /* SLTTreadraceTestTests.m */ = {isa = PBXFileReference; lastKnownFileType = sourcecode.c.objc; path = SLTTreadraceTestTests.m; sourceTree = "<group>"; };
		74D43A781EB23B0700B7DBDA /* Info.plist */ = {isa = PBXFileReference; lastKnownFileType = text.plist.xml; path = Info.plist; sourceTree = "<group>"; };
		74D43A811EB23C5700B7DBDA /* SLTModel.h */ = {isa = PBXFileReference; fileEncoding = 4; lastKnownFileType = sourcecode.c.h; path = SLTModel.h; sourceTree = "<group>"; };
		74D43A821EB23C5700B7DBDA /* SLTModel.m */ = {isa = PBXFileReference; fileEncoding = 4; lastKnownFileType = sourcecode.c.objc; path = SLTModel.m; sourceTree = "<group>"; };
/* End PBXFileReference section */

/* Begin PBXFrameworksBuildPhase section */
		74D43A561EB23B0700B7DBDA /* Frameworks */ = {
			isa = PBXFrameworksBuildPhase;
			buildActionMask = 2147483647;
			files = (
			);
			runOnlyForDeploymentPostprocessing = 0;
		};
		74D43A6F1EB23B0700B7DBDA /* Frameworks */ = {
			isa = PBXFrameworksBuildPhase;
			buildActionMask = 2147483647;
			files = (
			);
			runOnlyForDeploymentPostprocessing = 0;
		};
/* End PBXFrameworksBuildPhase section */

/* Begin PBXGroup section */
		74D43A501EB23B0700B7DBDA = {
			isa = PBXGroup;
			children = (
				74D43A5B1EB23B0700B7DBDA /* SLTTreadraceTest */,
				74D43A751EB23B0700B7DBDA /* SLTTreadraceTestTests */,
				74D43A5A1EB23B0700B7DBDA /* Products */,
			);
			sourceTree = "<group>";
		};
		74D43A5A1EB23B0700B7DBDA /* Products */ = {
			isa = PBXGroup;
			children = (
				74D43A591EB23B0700B7DBDA /* SLTTreadraceTest.app */,
				74D43A721EB23B0700B7DBDA /* SLTTreadraceTestTests.xctest */,
			);
			name = Products;
			sourceTree = "<group>";
		};
		74D43A5B1EB23B0700B7DBDA /* SLTTreadraceTest */ = {
			isa = PBXGroup;
			children = (
				74D43A5F1EB23B0700B7DBDA /* AppDelegate.h */,
				74D43A601EB23B0700B7DBDA /* AppDelegate.m */,
				74D43A621EB23B0700B7DBDA /* ViewController.h */,
				74D43A631EB23B0700B7DBDA /* ViewController.m */,
				74D43A811EB23C5700B7DBDA /* SLTModel.h */,
				74D43A821EB23C5700B7DBDA /* SLTModel.m */,
				74D43A651EB23B0700B7DBDA /* Main.storyboard */,
				74D43A681EB23B0700B7DBDA /* Assets.xcassets */,
				74D43A6A1EB23B0700B7DBDA /* LaunchScreen.storyboard */,
				74D43A6D1EB23B0700B7DBDA /* Info.plist */,
				74D43A5C1EB23B0700B7DBDA /* Supporting Files */,
			);
			path = SLTTreadraceTest;
			sourceTree = "<group>";
		};
		74D43A5C1EB23B0700B7DBDA /* Supporting Files */ = {
			isa = PBXGroup;
			children = (
				74D43A5D1EB23B0700B7DBDA /* main.m */,
			);
			name = "Supporting Files";
			sourceTree = "<group>";
		};
		74D43A751EB23B0700B7DBDA /* SLTTreadraceTestTests */ = {
			isa = PBXGroup;
			children = (
				74D43A761EB23B0700B7DBDA /* SLTTreadraceTestTests.m */,
				74D43A781EB23B0700B7DBDA /* Info.plist */,
			);
			path = SLTTreadraceTestTests;
			sourceTree = "<group>";
		};
/* End PBXGroup section */

/* Begin PBXNativeTarget section */
		74D43A581EB23B0700B7DBDA /* SLTTreadraceTest */ = {
			isa = PBXNativeTarget;
			buildConfigurationList = 74D43A7B1EB23B0700B7DBDA /* Build configuration list for PBXNativeTarget "SLTTreadraceTest" */;
			buildPhases = (
				74D43A551EB23B0700B7DBDA /* Sources */,
				74D43A561EB23B0700B7DBDA /* Frameworks */,
				74D43A571EB23B0700B7DBDA /* Resources */,
			);
			buildRules = (
			);
			dependencies = (
			);
			name = SLTTreadraceTest;
			productName = SLTTreadraceTest;
			productReference = 74D43A591EB23B0700B7DBDA /* SLTTreadraceTest.app */;
			productType = "com.apple.product-type.application";
		};
		74D43A711EB23B0700B7DBDA /* SLTTreadraceTestTests */ = {
			isa = PBXNativeTarget;
			buildConfigurationList = 74D43A7E1EB23B0700B7DBDA /* Build configuration list for PBXNativeTarget "SLTTreadraceTestTests" */;
			buildPhases = (
				74D43A6E1EB23B0700B7DBDA /* Sources */,
				74D43A6F1EB23B0700B7DBDA /* Frameworks */,
				74D43A701EB23B0700B7DBDA /* Resources */,
			);
			buildRules = (
			);
			dependencies = (
				74D43A741EB23B0700B7DBDA /* PBXTargetDependency */,
			);
			name = SLTTreadraceTestTests;
			productName = SLTTreadraceTestTests;
			productReference = 74D43A721EB23B0700B7DBDA /* SLTTreadraceTestTests.xctest */;
			productType = "com.apple.product-type.bundle.unit-test";
		};
/* End PBXNativeTarget section */

/* Begin PBXProject section */
		74D43A511EB23B0700B7DBDA /* Project object */ = {
			isa = PBXProject;
			attributes = {
				CLASSPREFIX = SLT;
				LastUpgradeCheck = 0820;
				ORGANIZATIONNAME = LiuShulong;
				TargetAttributes = {
					74D43A581EB23B0700B7DBDA = {
						CreatedOnToolsVersion = 8.2.1;
						ProvisioningStyle = Manual;
					};
					74D43A711EB23B0700B7DBDA = {
						CreatedOnToolsVersion = 8.2.1;
						ProvisioningStyle = Automatic;
						TestTargetID = 74D43A581EB23B0700B7DBDA;
					};
				};
			};
			buildConfigurationList = 74D43A541EB23B0700B7DBDA /* Build configuration list for PBXProject "SLTTreadraceTest" */;
			compatibilityVersion = "Xcode 8.0";
			developmentRegion = English;
			hasScannedForEncodings = 0;
			knownRegions = (
				en,
				Base,
			);
			mainGroup = 74D43A501EB23B0700B7DBDA;
			productRefGroup = 74D43A5A1EB23B0700B7DBDA /* Products */;
			projectDirPath = "";
			projectRoot = "";
			targets = (
				74D43A581EB23B0700B7DBDA /* SLTTreadraceTest */,
				74D43A711EB23B0700B7DBDA /* SLTTreadraceTestTests */,
			);
		};
/* End PBXProject section */

/* Begin PBXResourcesBuildPhase section */
		74D43A571EB23B0700B7DBDA /* Resources */ = {
			isa = PBXResourcesBuildPhase;
			buildActionMask = 2147483647;
			files = (
				74D43A6C1EB23B0700B7DBDA /* LaunchScreen.storyboard in Resources */,
				74D43A691EB23B0700B7DBDA /* Assets.xcassets in Resources */,
				74D43A671EB23B0700B7DBDA /* Main.storyboard in Resources */,
			);
			runOnlyForDeploymentPostprocessing = 0;
		};
		74D43A701EB23B0700B7DBDA /* Resources */ = {
			isa = PBXResourcesBuildPhase;
			buildActionMask = 2147483647;
			files = (
			);
			runOnlyForDeploymentPostprocessing = 0;
		};
/* End PBXResourcesBuildPhase section */

/* Begin PBXSourcesBuildPhase section */
		74D43A551EB23B0700B7DBDA /* Sources */ = {
			isa = PBXSourcesBuildPhase;
			buildActionMask = 2147483647;
			files = (
				74D43A641EB23B0700B7DBDA /* ViewController.m in Sources */,
				74D43A831EB23C5700B7DBDA /* SLTModel.m in Sources */,
				74D43A611EB23B0700B7DBDA /* AppDelegate.m in Sources */,
				74D43A5E1EB23B0700B7DBDA /* main.m in Sources */,
			);
			runOnlyForDeploymentPostprocessing = 0;
		};
		74D43A6E1EB23B0700B7DBDA /* Sources */ = {
			isa = PBXSourcesBuildPhase;
			buildActionMask = 2147483647;
			files = (
				74D43A771EB23B0700B7DBDA /* SLTTreadraceTestTests.m in Sources */,
			);
			runOnlyForDeploymentPostprocessing = 0;
		};
/* End PBXSourcesBuildPhase section */

/* Begin PBXTargetDependency section */
		74D43A741EB23B0700B7DBDA /* PBXTargetDependency */ = {
			isa = PBXTargetDependency;
			target = 74D43A581EB23B0700B7DBDA /* SLTTreadraceTest */;
			targetProxy = 74D43A731EB23B0700B7DBDA /* PBXContainerItemProxy */;
		};
/* End PBXTargetDependency section */

/* Begin PBXVariantGroup section */
		74D43A651EB23B0700B7DBDA /* Main.storyboard */ = {
			isa = PBXVariantGroup;
			children = (
				74D43A661EB23B0700B7DBDA /* Base */,
			);
			name = Main.storyboard;
			sourceTree = "<group>";
		};
		74D43A6A1EB23B0700B7DBDA /* LaunchScreen.storyboard */ = {
			isa = PBXVariantGroup;
			children = (
				74D43A6B1EB23B0700B7DBDA /* Base */,
			);
			name = LaunchScreen.storyboard;
			sourceTree = "<group>";
		};
/* End PBXVariantGroup section */

/* Begin XCBuildConfiguration section */
		74D43A791EB23B0700B7DBDA /* Debug */ = {
			isa = XCBuildConfiguration;
			buildSettings = {
				ALWAYS_SEARCH_USER_PATHS = NO;
				CLANG_ANALYZER_NONNULL = YES;
				CLANG_CXX_LANGUAGE_STANDARD = "gnu++0x";
				CLANG_CXX_LIBRARY = "libc++";
				CLANG_ENABLE_MODULES = YES;
				CLANG_ENABLE_OBJC_ARC = YES;
				CLANG_WARN_BOOL_CONVERSION = YES;
				CLANG_WARN_CONSTANT_CONVERSION = YES;
				CLANG_WARN_DIRECT_OBJC_ISA_USAGE = YES_ERROR;
				CLANG_WARN_DOCUMENTATION_COMMENTS = YES;
				CLANG_WARN_EMPTY_BODY = YES;
				CLANG_WARN_ENUM_CONVERSION = YES;
				CLANG_WARN_INFINITE_RECURSION = YES;
				CLANG_WARN_INT_CONVERSION = YES;
				CLANG_WARN_OBJC_ROOT_CLASS = YES_ERROR;
				CLANG_WARN_SUSPICIOUS_MOVE = YES;
				CLANG_WARN_UNREACHABLE_CODE = YES;
				CLANG_WARN__DUPLICATE_METHOD_MATCH = YES;
				"CODE_SIGN_IDENTITY[sdk=iphoneos*]" = "iPhone Developer";
				COPY_PHASE_STRIP = NO;
				DEBUG_INFORMATION_FORMAT = dwarf;
				ENABLE_STRICT_OBJC_MSGSEND = YES;
				ENABLE_TESTABILITY = YES;
				GCC_C_LANGUAGE_STANDARD = gnu99;
				GCC_DYNAMIC_NO_PIC = NO;
				GCC_NO_COMMON_BLOCKS = YES;
				GCC_OPTIMIZATION_LEVEL = 0;
				GCC_PREPROCESSOR_DEFINITIONS = (
					"DEBUG=1",
					"$(inherited)",
				);
				GCC_WARN_64_TO_32_BIT_CONVERSION = YES;
				GCC_WARN_ABOUT_RETURN_TYPE = YES_ERROR;
				GCC_WARN_UNDECLARED_SELECTOR = YES;
				GCC_WARN_UNINITIALIZED_AUTOS = YES_AGGRESSIVE;
				GCC_WARN_UNUSED_FUNCTION = YES;
				GCC_WARN_UNUSED_VARIABLE = YES;
				IPHONEOS_DEPLOYMENT_TARGET = 10.2;
				MTL_ENABLE_DEBUG_INFO = YES;
				ONLY_ACTIVE_ARCH = YES;
				SDKROOT = iphoneos;
				TARGETED_DEVICE_FAMILY = "1,2";
			};
			name = Debug;
		};
		74D43A7A1EB23B0700B7DBDA /* Release */ = {
			isa = XCBuildConfiguration;
			buildSettings = {
				ALWAYS_SEARCH_USER_PATHS = NO;
				CLANG_ANALYZER_NONNULL = YES;
				CLANG_CXX_LANGUAGE_STANDARD = "gnu++0x";
				CLANG_CXX_LIBRARY = "libc++";
				CLANG_ENABLE_MODULES = YES;
				CLANG_ENABLE_OBJC_ARC = YES;
				CLANG_WARN_BOOL_CONVERSION = YES;
				CLANG_WARN_CONSTANT_CONVERSION = YES;
				CLANG_WARN_DIRECT_OBJC_ISA_USAGE = YES_ERROR;
				CLANG_WARN_DOCUMENTATION_COMMENTS = YES;
				CLANG_WARN_EMPTY_BODY = YES;
				CLANG_WARN_ENUM_CONVERSION = YES;
				CLANG_WARN_INFINITE_RECURSION = YES;
				CLANG_WARN_INT_CONVERSION = YES;
				CLANG_WARN_OBJC_ROOT_CLASS = YES_ERROR;
				CLANG_WARN_SUSPICIOUS_MOVE = YES;
				CLANG_WARN_UNREACHABLE_CODE = YES;
				CLANG_WARN__DUPLICATE_METHOD_MATCH = YES;
				"CODE_SIGN_IDENTITY[sdk=iphoneos*]" = "iPhone Developer";
				COPY_PHASE_STRIP = NO;
				DEBUG_INFORMATION_FORMAT = "dwarf-with-dsym";
				ENABLE_NS_ASSERTIONS = NO;
				ENABLE_STRICT_OBJC_MSGSEND = YES;
				GCC_C_LANGUAGE_STANDARD = gnu99;
				GCC_NO_COMMON_BLOCKS = YES;
				GCC_WARN_64_TO_32_BIT_CONVERSION = YES;
				GCC_WARN_ABOUT_RETURN_TYPE = YES_ERROR;
				GCC_WARN_UNDECLARED_SELECTOR = YES;
				GCC_WARN_UNINITIALIZED_AUTOS = YES_AGGRESSIVE;
				GCC_WARN_UNUSED_FUNCTION = YES;
				GCC_WARN_UNUSED_VARIABLE = YES;
				IPHONEOS_DEPLOYMENT_TARGET = 10.2;
				MTL_ENABLE_DEBUG_INFO = NO;
				SDKROOT = iphoneos;
				TARGETED_DEVICE_FAMILY = "1,2";
				VALIDATE_PRODUCT = YES;
			};
			name = Release;
		};
		74D43A7C1EB23B0700B7DBDA /* Debug */ = {
			isa = XCBuildConfiguration;
			buildSettings = {
				ASSETCATALOG_COMPILER_APPICON_NAME = AppIcon;
				DEVELOPMENT_TEAM = "";
				INFOPLIST_FILE = SLTTreadraceTest/Info.plist;
				LD_RUNPATH_SEARCH_PATHS = "$(inherited) @executable_path/Frameworks";
				PRODUCT_BUNDLE_IDENTIFIER = com.liushulong.SLTTreadraceTest;
				PRODUCT_NAME = "$(TARGET_NAME)";
			};
			name = Debug;
		};
		74D43A7D1EB23B0700B7DBDA /* Release */ = {
			isa = XCBuildConfiguration;
			buildSettings = {
				ASSETCATALOG_COMPILER_APPICON_NAME = AppIcon;
				DEVELOPMENT_TEAM = "";
				INFOPLIST_FILE = SLTTreadraceTest/Info.plist;
				LD_RUNPATH_SEARCH_PATHS = "$(inherited) @executable_path/Frameworks";
				PRODUCT_BUNDLE_IDENTIFIER = com.liushulong.SLTTreadraceTest;
				PRODUCT_NAME = "$(TARGET_NAME)";
			};
			name = Release;
		};
		74D43A7F1EB23B0700B7DBDA /* Debug */ = {
			isa = XCBuildConfiguration;
			buildSettings = {
				BUNDLE_LOADER = "$(TEST_HOST)";
				DEVELOPMENT_TEAM = YREGVU8659;
				INFOPLIST_FILE = SLTTreadraceTestTests/Info.plist;
				LD_RUNPATH_SEARCH_PATHS = "$(inherited) @executable_path/Frameworks @loader_path/Frameworks";
				PRODUCT_BUNDLE_IDENTIFIER = com.liushulong.SLTTreadraceTestTests;
				PRODUCT_NAME = "$(TARGET_NAME)";
				TEST_HOST = "$(BUILT_PRODUCTS_DIR)/SLTTreadraceTest.app/SLTTreadraceTest";
			};
			name = Debug;
		};
		74D43A801EB23B0700B7DBDA /* Release */ = {
			isa = XCBuildConfiguration;
			buildSettings = {
				BUNDLE_LOADER = "$(TEST_HOST)";
				DEVELOPMENT_TEAM = YREGVU8659;
				INFOPLIST_FILE = SLTTreadraceTestTests/Info.plist;
				LD_RUNPATH_SEARCH_PATHS = "$(inherited) @executable_path/Frameworks @loader_path/Frameworks";
				PRODUCT_BUNDLE_IDENTIFIER = com.liushulong.SLTTreadraceTestTests;
				PRODUCT_NAME = "$(TARGET_NAME)";
				TEST_HOST = "$(BUILT_PRODUCTS_DIR)/SLTTreadraceTest.app/SLTTreadraceTest";
			};
			name = Release;
		};
/* End XCBuildConfiguration section */

/* Begin XCConfigurationList section */
		74D43A541EB23B0700B7DBDA /* Build configuration list for PBXProject "SLTTreadraceTest" */ = {
			isa = XCConfigurationList;
			buildConfigurations = (
				74D43A791EB23B0700B7DBDA /* Debug */,
				74D43A7A1EB23B0700B7DBDA /* Release */,
			);
			defaultConfigurationIsVisible = 0;
			defaultConfigurationName = Release;
		};
		74D43A7B1EB23B0700B7DBDA /* Build configuration list for PBXNativeTarget "SLTTreadraceTest" */ = {
			isa = XCConfigurationList;
			buildConfigurations = (
				74D43A7C1EB23B0700B7DBDA /* Debug */,
				74D43A7D1EB23B0700B7DBDA /* Release */,
			);
			defaultConfigurationIsVisible = 0;
		};
		74D43A7E1EB23B0700B7DBDA /* Build configuration list for PBXNativeTarget "SLTTreadraceTestTests" */ = {
			isa = XCConfigurationList;
			buildConfigurations = (
				74D43A7F1EB23B0700B7DBDA /* Debug */,
				74D43A801EB23B0700B7DBDA /* Release */,
			);
			defaultConfigurationIsVisible = 0;
		};
/* End XCConfigurationList section */
	};
	rootObject = 74D43A511EB23B0700B7DBDA /* Project object */;
}
